// !$*UTF8*$!
{
	archiveVersion = 1;
	classes = {
	};
	objectVersion = 46;
	objects = {

/* Begin PBXBuildFile section */
		E9FA6E761E665EAC00551184 /* main.m in Sources */ = {isa = PBXBuildFile; fileRef = E9FA6E751E665EAC00551184 /* main.m */; };
		E9FA6E791E665EAC00551184 /* AppDelegate.m in Sources */ = {isa = PBXBuildFile; fileRef = E9FA6E781E665EAC00551184 /* AppDelegate.m */; };
		E9FA6E7C1E665EAC00551184 /* ViewController.m in Sources */ = {isa = PBXBuildFile; fileRef = E9FA6E7B1E665EAC00551184 /* ViewController.m */; };
		E9FA6E7F1E665EAC00551184 /* Main.storyboard in Resources */ = {isa = PBXBuildFile; fileRef = E9FA6E7D1E665EAC00551184 /* Main.storyboard */; };
		E9FA6E811E665EAC00551184 /* Assets.xcassets in Resources */ = {isa = PBXBuildFile; fileRef = E9FA6E801E665EAC00551184 /* Assets.xcassets */; };
		E9FA6E841E665EAC00551184 /* LaunchScreen.storyboard in Resources */ = {isa = PBXBuildFile; fileRef = E9FA6E821E665EAC00551184 /* LaunchScreen.storyboard */; };
		E9FA6E8F1E665EAD00551184 /* ScrollviewSlideViewTests.m in Sources */ = {isa = PBXBuildFile; fileRef = E9FA6E8E1E665EAD00551184 /* ScrollviewSlideViewTests.m */; };
		E9FA6E9A1E665EAD00551184 /* ScrollviewSlideViewUITests.m in Sources */ = {isa = PBXBuildFile; fileRef = E9FA6E991E665EAD00551184 /* ScrollviewSlideViewUITests.m */; };
		E9FA6EAA1E665F2100551184 /* SlideSelectView.m in Sources */ = {isa = PBXBuildFile; fileRef = E9FA6EA91E665F2100551184 /* SlideSelectView.m */; };
/* End PBXBuildFile section */

/* Begin PBXContainerItemProxy section */
		E9FA6E8B1E665EAC00551184 /* PBXContainerItemProxy */ = {
			isa = PBXContainerItemProxy;
			containerPortal = E9FA6E691E665EAC00551184 /* Project object */;
			proxyType = 1;
			remoteGlobalIDString = E9FA6E701E665EAC00551184;
			remoteInfo = ScrollviewSlideView;
		};
		E9FA6E961E665EAD00551184 /* PBXContainerItemProxy */ = {
			isa = PBXContainerItemProxy;
			containerPortal = E9FA6E691E665EAC00551184 /* Project object */;
			proxyType = 1;
			remoteGlobalIDString = E9FA6E701E665EAC00551184;
			remoteInfo = ScrollviewSlideView;
		};
/* End PBXContainerItemProxy section */

/* Begin PBXFileReference section */
		E9FA6E711E665EAC00551184 /* ScrollviewSlideView.app */ = {isa = PBXFileReference; explicitFileType = wrapper.application; includeInIndex = 0; path = ScrollviewSlideView.app; sourceTree = BUILT_PRODUCTS_DIR; };
		E9FA6E751E665EAC00551184 /* main.m */ = {isa = PBXFileReference; lastKnownFileType = sourcecode.c.objc; path = main.m; sourceTree = "<group>"; };
		E9FA6E771E665EAC00551184 /* AppDelegate.h */ = {isa = PBXFileReference; lastKnownFileType = sourcecode.c.h; path = AppDelegate.h; sourceTree = "<group>"; };
		E9FA6E781E665EAC00551184 /* AppDelegate.m */ = {isa = PBXFileReference; lastKnownFileType = sourcecode.c.objc; path = AppDelegate.m; sourceTree = "<group>"; };
		E9FA6E7A1E665EAC00551184 /* ViewController.h */ = {isa = PBXFileReference; lastKnownFileType = sourcecode.c.h; path = ViewController.h; sourceTree = "<group>"; };
		E9FA6E7B1E665EAC00551184 /* ViewController.m */ = {isa = PBXFileReference; lastKnownFileType = sourcecode.c.objc; path = ViewController.m; sourceTree = "<group>"; };
		E9FA6E7E1E665EAC00551184 /* Base */ = {isa = PBXFileReference; lastKnownFileType = file.storyboard; name = Base; path = Base.lproj/Main.storyboard; sourceTree = "<group>"; };
		E9FA6E801E665EAC00551184 /* Assets.xcassets */ = {isa = PBXFileReference; lastKnownFileType = folder.assetcatalog; path = Assets.xcassets; sourceTree = "<group>"; };
		E9FA6E831E665EAC00551184 /* Base */ = {isa = PBXFileReference; lastKnownFileType = file.storyboard; name = Base; path = Base.lproj/LaunchScreen.storyboard; sourceTree = "<group>"; };
		E9FA6E851E665EAC00551184 /* Info.plist */ = {isa = PBXFileReference; lastKnownFileType = text.plist.xml; path = Info.plist; sourceTree = "<group>"; };
		E9FA6E8A1E665EAC00551184 /* ScrollviewSlideViewTests.xctest */ = {isa = PBXFileReference; explicitFileType = wrapper.cfbundle; includeInIndex = 0; path = ScrollviewSlideViewTests.xctest; sourceTree = BUILT_PRODUCTS_DIR; };
		E9FA6E8E1E665EAD00551184 /* ScrollviewSlideViewTests.m */ = {isa = PBXFileReference; lastKnownFileType = sourcecode.c.objc; path = ScrollviewSlideViewTests.m; sourceTree = "<group>"; };
		E9FA6E901E665EAD00551184 /* Info.plist */ = {isa = PBXFileReference; lastKnownFileType = text.plist.xml; path = Info.plist; sourceTree = "<group>"; };
		E9FA6E951E665EAD00551184 /* ScrollviewSlideViewUITests.xctest */ = {isa = PBXFileReference; explicitFileType = wrapper.cfbundle; includeInIndex = 0; path = ScrollviewSlideViewUITests.xctest; sourceTree = BUILT_PRODUCTS_DIR; };
		E9FA6E991E665EAD00551184 /* ScrollviewSlideViewUITests.m */ = {isa = PBXFileReference; lastKnownFileType = sourcecode.c.objc; path = ScrollviewSlideViewUITests.m; sourceTree = "<group>"; };
		E9FA6E9B1E665EAD00551184 /* Info.plist */ = {isa = PBXFileReference; lastKnownFileType = text.plist.xml; path = Info.plist; sourceTree = "<group>"; };
		E9FA6EA81E665F2100551184 /* SlideSelectView.h */ = {isa = PBXFileReference; fileEncoding = 4; lastKnownFileType = sourcecode.c.h; path = SlideSelectView.h; sourceTree = "<group>"; };
		E9FA6EA91E665F2100551184 /* SlideSelectView.m */ = {isa = PBXFileReference; fileEncoding = 4; lastKnownFileType = sourcecode.c.objc; path = SlideSelectView.m; sourceTree = "<group>"; };
/* End PBXFileReference section */

/* Begin PBXFrameworksBuildPhase section */
		E9FA6E6E1E665EAC00551184 /* Frameworks */ = {
			isa = PBXFrameworksBuildPhase;
			buildActionMask = 2147483647;
			files = (
			);
			runOnlyForDeploymentPostprocessing = 0;
		};
		E9FA6E871E665EAC00551184 /* Frameworks */ = {
			isa = PBXFrameworksBuildPhase;
			buildActionMask = 2147483647;
			files = (
			);
			runOnlyForDeploymentPostprocessing = 0;
		};
		E9FA6E921E665EAD00551184 /* Frameworks */ = {
			isa = PBXFrameworksBuildPhase;
			buildActionMask = 2147483647;
			files = (
			);
			runOnlyForDeploymentPostprocessing = 0;
		};
/* End PBXFrameworksBuildPhase section */

/* Begin PBXGroup section */
		E9FA6E681E665EAC00551184 = {
			isa = PBXGroup;
			children = (
				E9FA6EA71E665ECF00551184 /* Class */,
				E9FA6E731E665EAC00551184 /* ScrollviewSlideView */,
				E9FA6E8D1E665EAC00551184 /* ScrollviewSlideViewTests */,
				E9FA6E981E665EAD00551184 /* ScrollviewSlideViewUITests */,
				E9FA6E721E665EAC00551184 /* Products */,
			);
			sourceTree = "<group>";
		};
		E9FA6E721E665EAC00551184 /* Products */ = {
			isa = PBXGroup;
			children = (
				E9FA6E711E665EAC00551184 /* ScrollviewSlideView.app */,
				E9FA6E8A1E665EAC00551184 /* ScrollviewSlideViewTests.xctest */,
				E9FA6E951E665EAD00551184 /* ScrollviewSlideViewUITests.xctest */,
			);
			name = Products;
			sourceTree = "<group>";
		};
		E9FA6E731E665EAC00551184 /* ScrollviewSlideView */ = {
			isa = PBXGroup;
			children = (
				E9FA6E771E665EAC00551184 /* AppDelegate.h */,
				E9FA6E781E665EAC00551184 /* AppDelegate.m */,
				E9FA6E7A1E665EAC00551184 /* ViewController.h */,
				E9FA6E7B1E665EAC00551184 /* ViewController.m */,
				E9FA6E7D1E665EAC00551184 /* Main.storyboard */,
				E9FA6E801E665EAC00551184 /* Assets.xcassets */,
				E9FA6E821E665EAC00551184 /* LaunchScreen.storyboard */,
				E9FA6E851E665EAC00551184 /* Info.plist */,
				E9FA6E741E665EAC00551184 /* Supporting Files */,
			);
			path = ScrollviewSlideView;
			sourceTree = "<group>";
		};
		E9FA6E741E665EAC00551184 /* Supporting Files */ = {
			isa = PBXGroup;
			children = (
				E9FA6E751E665EAC00551184 /* main.m */,
			);
			name = "Supporting Files";
			sourceTree = "<group>";
		};
		E9FA6E8D1E665EAC00551184 /* ScrollviewSlideViewTests */ = {
			isa = PBXGroup;
			children = (
				E9FA6E8E1E665EAD00551184 /* ScrollviewSlideViewTests.m */,
				E9FA6E901E665EAD00551184 /* Info.plist */,
			);
			path = ScrollviewSlideViewTests;
			sourceTree = "<group>";
		};
		E9FA6E981E665EAD00551184 /* ScrollviewSlideViewUITests */ = {
			isa = PBXGroup;
			children = (
				E9FA6E991E665EAD00551184 /* ScrollviewSlideViewUITests.m */,
				E9FA6E9B1E665EAD00551184 /* Info.plist */,
			);
			path = ScrollviewSlideViewUITests;
			sourceTree = "<group>";
		};
		E9FA6EA71E665ECF00551184 /* Class */ = {
			isa = PBXGroup;
			children = (
				E9FA6EA81E665F2100551184 /* SlideSelectView.h */,
				E9FA6EA91E665F2100551184 /* SlideSelectView.m */,
			);
			name = Class;
			path = ScrollviewSlideView/Class;
			sourceTree = "<group>";
		};
/* End PBXGroup section */

/* Begin PBXNativeTarget section */
		E9FA6E701E665EAC00551184 /* ScrollviewSlideView */ = {
			isa = PBXNativeTarget;
			buildConfigurationList = E9FA6E9E1E665EAD00551184 /* Build configuration list for PBXNativeTarget "ScrollviewSlideView" */;
			buildPhases = (
				E9FA6E6D1E665EAC00551184 /* Sources */,
				E9FA6E6E1E665EAC00551184 /* Frameworks */,
				E9FA6E6F1E665EAC00551184 /* Resources */,
			);
			buildRules = (
			);
			dependencies = (
			);
			name = ScrollviewSlideView;
			productName = ScrollviewSlideView;
			productReference = E9FA6E711E665EAC00551184 /* ScrollviewSlideView.app */;
			productType = "com.apple.product-type.application";
		};
		E9FA6E891E665EAC00551184 /* ScrollviewSlideViewTests */ = {
			isa = PBXNativeTarget;
			buildConfigurationList = E9FA6EA11E665EAD00551184 /* Build configuration list for PBXNativeTarget "ScrollviewSlideViewTests" */;
			buildPhases = (
				E9FA6E861E665EAC00551184 /* Sources */,
				E9FA6E871E665EAC00551184 /* Frameworks */,
				E9FA6E881E665EAC00551184 /* Resources */,
			);
			buildRules = (
			);
			dependencies = (
				E9FA6E8C1E665EAC00551184 /* PBXTargetDependency */,
			);
			name = ScrollviewSlideViewTests;
			productName = ScrollviewSlideViewTests;
			productReference = E9FA6E8A1E665EAC00551184 /* ScrollviewSlideViewTests.xctest */;
			productType = "com.apple.product-type.bundle.unit-test";
		};
		E9FA6E941E665EAD00551184 /* ScrollviewSlideViewUITests */ = {
			isa = PBXNativeTarget;
			buildConfigurationList = E9FA6EA41E665EAD00551184 /* Build configuration list for PBXNativeTarget "ScrollviewSlideViewUITests" */;
			buildPhases = (
				E9FA6E911E665EAD00551184 /* Sources */,
				E9FA6E921E665EAD00551184 /* Frameworks */,
				E9FA6E931E665EAD00551184 /* Resources */,
			);
			buildRules = (
			);
			dependencies = (
				E9FA6E971E665EAD00551184 /* PBXTargetDependency */,
			);
			name = ScrollviewSlideViewUITests;
			productName = ScrollviewSlideViewUITests;
			productReference = E9FA6E951E665EAD00551184 /* ScrollviewSlideViewUITests.xctest */;
			productType = "com.apple.product-type.bundle.ui-testing";
		};
/* End PBXNativeTarget section */

/* Begin PBXProject section */
		E9FA6E691E665EAC00551184 /* Project object */ = {
			isa = PBXProject;
			attributes = {
				LastUpgradeCheck = 0800;
				ORGANIZATIONNAME = lx;
				TargetAttributes = {
					E9FA6E701E665EAC00551184 = {
						CreatedOnToolsVersion = 8.0;
						ProvisioningStyle = Automatic;
					};
					E9FA6E891E665EAC00551184 = {
						CreatedOnToolsVersion = 8.0;
						ProvisioningStyle = Automatic;
						TestTargetID = E9FA6E701E665EAC00551184;
					};
					E9FA6E941E665EAD00551184 = {
						CreatedOnToolsVersion = 8.0;
						ProvisioningStyle = Automatic;
						TestTargetID = E9FA6E701E665EAC00551184;
					};
				};
			};
			buildConfigurationList = E9FA6E6C1E665EAC00551184 /* Build configuration list for PBXProject "ScrollviewSlideView" */;
			compatibilityVersion = "Xcode 3.2";
			developmentRegion = English;
			hasScannedForEncodings = 0;
			knownRegions = (
				en,
				Base,
			);
			mainGroup = E9FA6E681E665EAC00551184;
			productRefGroup = E9FA6E721E665EAC00551184 /* Products */;
			projectDirPath = "";
			projectRoot = "";
			targets = (
				E9FA6E701E665EAC00551184 /* ScrollviewSlideView */,
				E9FA6E891E665EAC00551184 /* ScrollviewSlideViewTests */,
				E9FA6E941E665EAD00551184 /* ScrollviewSlideViewUITests */,
			);
		};
/* End PBXProject section */

/* Begin PBXResourcesBuildPhase section */
		E9FA6E6F1E665EAC00551184 /* Resources */ = {
			isa = PBXResourcesBuildPhase;
			buildActionMask = 2147483647;
			files = (
				E9FA6E841E665EAC00551184 /* LaunchScreen.storyboard in Resources */,
				E9FA6E811E665EAC00551184 /* Assets.xcassets in Resources */,
				E9FA6E7F1E665EAC00551184 /* Main.storyboard in Resources */,
			);
			runOnlyForDeploymentPostprocessing = 0;
		};
		E9FA6E881E665EAC00551184 /* Resources */ = {
			isa = PBXResourcesBuildPhase;
			buildActionMask = 2147483647;
			files = (
			);
			runOnlyForDeploymentPostprocessing = 0;
		};
		E9FA6E931E665EAD00551184 /* Resources */ = {
			isa = PBXResourcesBuildPhase;
			buildActionMask = 2147483647;
			files = (
			);
			runOnlyForDeploymentPostprocessing = 0;
		};
/* End PBXResourcesBuildPhase section */

/* Begin PBXSourcesBuildPhase section */
		E9FA6E6D1E665EAC00551184 /* Sources */ = {
			isa = PBXSourcesBuildPhase;
			buildActionMask = 2147483647;
			files = (
				E9FA6EAA1E665F2100551184 /* SlideSelectView.m in Sources */,
				E9FA6E7C1E665EAC00551184 /* ViewController.m in Sources */,
				E9FA6E791E665EAC00551184 /* AppDelegate.m in Sources */,
				E9FA6E761E665EAC00551184 /* main.m in Sources */,
			);
			runOnlyForDeploymentPostprocessing = 0;
		};
		E9FA6E861E665EAC00551184 /* Sources */ = {
			isa = PBXSourcesBuildPhase;
			buildActionMask = 2147483647;
			files = (
				E9FA6E8F1E665EAD00551184 /* ScrollviewSlideViewTests.m in Sources */,
			);
			runOnlyForDeploymentPostprocessing = 0;
		};
		E9FA6E911E665EAD00551184 /* Sources */ = {
			isa = PBXSourcesBuildPhase;
			buildActionMask = 2147483647;
			files = (
				E9FA6E9A1E665EAD00551184 /* ScrollviewSlideViewUITests.m in Sources */,
			);
			runOnlyForDeploymentPostprocessing = 0;
		};
/* End PBXSourcesBuildPhase section */

/* Begin PBXTargetDependency section */
		E9FA6E8C1E665EAC00551184 /* PBXTargetDependency */ = {
			isa = PBXTargetDependency;
			target = E9FA6E701E665EAC00551184 /* ScrollviewSlideView */;
			targetProxy = E9FA6E8B1E665EAC00551184 /* PBXContainerItemProxy */;
		};
		E9FA6E971E665EAD00551184 /* PBXTargetDependency */ = {
			isa = PBXTargetDependency;
			target = E9FA6E701E665EAC00551184 /* ScrollviewSlideView */;
			targetProxy = E9FA6E961E665EAD00551184 /* PBXContainerItemProxy */;
		};
/* End PBXTargetDependency section */

/* Begin PBXVariantGroup section */
		E9FA6E7D1E665EAC00551184 /* Main.storyboard */ = {
			isa = PBXVariantGroup;
			children = (
				E9FA6E7E1E665EAC00551184 /* Base */,
			);
			name = Main.storyboard;
			sourceTree = "<group>";
		};
		E9FA6E821E665EAC00551184 /* LaunchScreen.storyboard */ = {
			isa = PBXVariantGroup;
			children = (
				E9FA6E831E665EAC00551184 /* Base */,
			);
			name = LaunchScreen.storyboard;
			sourceTree = "<group>";
		};
/* End PBXVariantGroup section */

/* Begin XCBuildConfiguration section */
		E9FA6E9C1E665EAD00551184 /* Debug */ = {
			isa = XCBuildConfiguration;
			buildSettings = {
				ALWAYS_SEARCH_USER_PATHS = NO;
				CLANG_ANALYZER_NONNULL = YES;
				CLANG_CXX_LANGUAGE_STANDARD = "gnu++0x";
				CLANG_CXX_LIBRARY = "libc++";
				CLANG_ENABLE_MODULES = YES;
				CLANG_ENABLE_OBJC_ARC = YES;
				CLANG_WARN_BOOL_CONVERSION = YES;
				CLANG_WARN_CONSTANT_CONVERSION = YES;
				CLANG_WARN_DIRECT_OBJC_ISA_USAGE = YES_ERROR;
				CLANG_WARN_DOCUMENTATION_COMMENTS = YES;
				CLANG_WARN_EMPTY_BODY = YES;
				CLANG_WARN_ENUM_CONVERSION = YES;
				CLANG_WARN_INFINITE_RECURSION = YES;
				CLANG_WARN_INT_CONVERSION = YES;
				CLANG_WARN_OBJC_ROOT_CLASS = YES_ERROR;
				CLANG_WARN_SUSPICIOUS_MOVES = YES;
				CLANG_WARN_UNREACHABLE_CODE = YES;
				CLANG_WARN__DUPLICATE_METHOD_MATCH = YES;
				"CODE_SIGN_IDENTITY[sdk=iphoneos*]" = "iPhone Developer";
				COPY_PHASE_STRIP = NO;
				DEBUG_INFORMATION_FORMAT = dwarf;
				ENABLE_STRICT_OBJC_MSGSEND = YES;
				ENABLE_TESTABILITY = YES;
				GCC_C_LANGUAGE_STANDARD = gnu99;
				GCC_DYNAMIC_NO_PIC = NO;
				GCC_NO_COMMON_BLOCKS = YES;
				GCC_OPTIMIZATION_LEVEL = 0;
				GCC_PREPROCESSOR_DEFINITIONS = (
					"DEBUG=1",
					"$(inherited)",
				);
				GCC_WARN_64_TO_32_BIT_CONVERSION = YES;
				GCC_WARN_ABOUT_RETURN_TYPE = YES_ERROR;
				GCC_WARN_UNDECLARED_SELECTOR = YES;
				GCC_WARN_UNINITIALIZED_AUTOS = YES_AGGRESSIVE;
				GCC_WARN_UNUSED_FUNCTION = YES;
				GCC_WARN_UNUSED_VARIABLE = YES;
				IPHONEOS_DEPLOYMENT_TARGET = 10.0;
				MTL_ENABLE_DEBUG_INFO = YES;
				ONLY_ACTIVE_ARCH = YES;
				SDKROOT = iphoneos;
			};
			name = Debug;
		};
		E9FA6E9D1E665EAD00551184 /* Release */ = {
			isa = XCBuildConfiguration;
			buildSettings = {
				ALWAYS_SEARCH_USER_PATHS = NO;
				CLANG_ANALYZER_NONNULL = YES;
				CLANG_CXX_LANGUAGE_STANDARD = "gnu++0x";
				CLANG_CXX_LIBRARY = "libc++";
				CLANG_ENABLE_MODULES = YES;
				CLANG_ENABLE_OBJC_ARC = YES;
				CLANG_WARN_BOOL_CONVERSION = YES;
				CLANG_WARN_CONSTANT_CONVERSION = YES;
				CLANG_WARN_DIRECT_OBJC_ISA_USAGE = YES_ERROR;
				CLANG_WARN_DOCUMENTATION_COMMENTS = YES;
				CLANG_WARN_EMPTY_BODY = YES;
				CLANG_WARN_ENUM_CONVERSION = YES;
				CLANG_WARN_INFINITE_RECURSION = YES;
				CLANG_WARN_INT_CONVERSION = YES;
				CLANG_WARN_OBJC_ROOT_CLASS = YES_ERROR;
				CLANG_WARN_SUSPICIOUS_MOVES = YES;
				CLANG_WARN_UNREACHABLE_CODE = YES;
				CLANG_WARN__DUPLICATE_METHOD_MATCH = YES;
				"CODE_SIGN_IDENTITY[sdk=iphoneos*]" = "iPhone Developer";
				COPY_PHASE_STRIP = NO;
				DEBUG_INFORMATION_FORMAT = "dwarf-with-dsym";
				ENABLE_NS_ASSERTIONS = NO;
				ENABLE_STRICT_OBJC_MSGSEND = YES;
				GCC_C_LANGUAGE_STANDARD = gnu99;
				GCC_NO_COMMON_BLOCKS = YES;
				GCC_WARN_64_TO_32_BIT_CONVERSION = YES;
				GCC_WARN_ABOUT_RETURN_TYPE = YES_ERROR;
				GCC_WARN_UNDECLARED_SELECTOR = YES;
				GCC_WARN_UNINITIALIZED_AUTOS = YES_AGGRESSIVE;
				GCC_WARN_UNUSED_FUNCTION = YES;
				GCC_WARN_UNUSED_VARIABLE = YES;
				IPHONEOS_DEPLOYMENT_TARGET = 10.0;
				MTL_ENABLE_DEBUG_INFO = NO;
				SDKROOT = iphoneos;
				VALIDATE_PRODUCT = YES;
			};
			name = Release;
		};
		E9FA6E9F1E665EAD00551184 /* Debug */ = {
			isa = XCBuildConfiguration;
			buildSettings = {
				ASSETCATALOG_COMPILER_APPICON_NAME = AppIcon;
				INFOPLIST_FILE = ScrollviewSlideView/Info.plist;
				LD_RUNPATH_SEARCH_PATHS = "$(inherited) @executable_path/Frameworks";
				PRODUCT_BUNDLE_IDENTIFIER = ssss.ScrollviewSlideView;
				PRODUCT_NAME = "$(TARGET_NAME)";
			};
			name = Debug;
		};
		E9FA6EA01E665EAD00551184 /* Release */ = {
			isa = XCBuildConfiguration;
			buildSettings = {
				ASSETCATALOG_COMPILER_APPICON_NAME = AppIcon;
				INFOPLIST_FILE = ScrollviewSlideView/Info.plist;
				LD_RUNPATH_SEARCH_PATHS = "$(inherited) @executable_path/Frameworks";
				PRODUCT_BUNDLE_IDENTIFIER = ssss.ScrollviewSlideView;
				PRODUCT_NAME = "$(TARGET_NAME)";
			};
			name = Release;
		};
		E9FA6EA21E665EAD00551184 /* Debug */ = {
			isa = XCBuildConfiguration;
			buildSettings = {
				BUNDLE_LOADER = "$(TEST_HOST)";
				INFOPLIST_FILE = ScrollviewSlideViewTests/Info.plist;
				LD_RUNPATH_SEARCH_PATHS = "$(inherited) @executable_path/Frameworks @loader_path/Frameworks";
				PRODUCT_BUNDLE_IDENTIFIER = ssss.ScrollviewSlideViewTests;
				PRODUCT_NAME = "$(TARGET_NAME)";
				TEST_HOST = "$(BUILT_PRODUCTS_DIR)/ScrollviewSlideView.app/ScrollviewSlideView";
			};
			name = Debug;
		};
		E9FA6EA31E665EAD00551184 /* Release */ = {
			isa = XCBuildConfiguration;
			buildSettings = {
				BUNDLE_LOADER = "$(TEST_HOST)";
				INFOPLIST_FILE = ScrollviewSlideViewTests/Info.plist;
				LD_RUNPATH_SEARCH_PATHS = "$(inherited) @executable_path/Frameworks @loader_path/Frameworks";
				PRODUCT_BUNDLE_IDENTIFIER = ssss.ScrollviewSlideViewTests;
				PRODUCT_NAME = "$(TARGET_NAME)";
				TEST_HOST = "$(BUILT_PRODUCTS_DIR)/ScrollviewSlideView.app/ScrollviewSlideView";
			};
			name = Release;
		};
		E9FA6EA51E665EAD00551184 /* Debug */ = {
			isa = XCBuildConfiguration;
			buildSettings = {
				INFOPLIST_FILE = ScrollviewSlideViewUITests/Info.plist;
				LD_RUNPATH_SEARCH_PATHS = "$(inherited) @executable_path/Frameworks @loader_path/Frameworks";
				PRODUCT_BUNDLE_IDENTIFIER = ssss.ScrollviewSlideViewUITests;
				PRODUCT_NAME = "$(TARGET_NAME)";
				TEST_TARGET_NAME = ScrollviewSlideView;
			};
			name = Debug;
		};
		E9FA6EA61E665EAD00551184 /* Release */ = {
			isa = XCBuildConfiguration;
			buildSettings = {
				INFOPLIST_FILE = ScrollviewSlideViewUITests/Info.plist;
				LD_RUNPATH_SEARCH_PATHS = "$(inherited) @executable_path/Frameworks @loader_path/Frameworks";
				PRODUCT_BUNDLE_IDENTIFIER = ssss.ScrollviewSlideViewUITests;
				PRODUCT_NAME = "$(TARGET_NAME)";
				TEST_TARGET_NAME = ScrollviewSlideView;
			};
			name = Release;
		};
/* End XCBuildConfiguration section */

/* Begin XCConfigurationList section */
		E9FA6E6C1E665EAC00551184 /* Build configuration list for PBXProject "ScrollviewSlideView" */ = {
			isa = XCConfigurationList;
			buildConfigurations = (
				E9FA6E9C1E665EAD00551184 /* Debug */,
				E9FA6E9D1E665EAD00551184 /* Release */,
			);
			defaultConfigurationIsVisible = 0;
			defaultConfigurationName = Release;
		};
		E9FA6E9E1E665EAD00551184 /* Build configuration list for PBXNativeTarget "ScrollviewSlideView" */ = {
			isa = XCConfigurationList;
			buildConfigurations = (
				E9FA6E9F1E665EAD00551184 /* Debug */,
				E9FA6EA01E665EAD00551184 /* Release */,
			);
			defaultConfigurationIsVisible = 0;
		};
		E9FA6EA11E665EAD00551184 /* Build configuration list for PBXNativeTarget "ScrollviewSlideViewTests" */ = {
			isa = XCConfigurationList;
			buildConfigurations = (
				E9FA6EA21E665EAD00551184 /* Debug */,
				E9FA6EA31E665EAD00551184 /* Release */,
			);
			defaultConfigurationIsVisible = 0;
		};
		E9FA6EA41E665EAD00551184 /* Build configuration list for PBXNativeTarget "ScrollviewSlideViewUITests" */ = {
			isa = XCConfigurationList;
			buildConfigurations = (
				E9FA6EA51E665EAD00551184 /* Debug */,
				E9FA6EA61E665EAD00551184 /* Release */,
			);
			defaultConfigurationIsVisible = 0;
		};
/* End XCConfigurationList section */
	};
	rootObject = E9FA6E691E665EAC00551184 /* Project object */;
}
